{
  "name": "@merlin-chatou/color-scheme",
  "version": "1.0.4",
  "lockfileVersion": 3,
  "requires": true,
  "packages": {
    "": {
      "name": "@merlin-chatou/color-scheme",
      "version": "1.0.4",
      "license": "MIT",
      "dependencies": {
        "@merlin-chatou/system-color-scheme": "^1.0.x"
      }
    },
    "node_modules/@merlin-chatou/system-color-scheme": {
      "version": "1.0.3",
      "resolved": "https://registry.npmjs.org/@merlin-chatou/system-color-scheme/-/system-color-scheme-1.0.3.tgz",
      "integrity": "sha512-nxvBiwXc8yoDGxpRy0Rj7I6UwTUXZS29FanrGBZjhxKE1VnxscCA/txOmA+AGulB5hCUcbyBpQUSiFTgcpN0+g==",
      "license": "MIT"
    }
  }
}
