{
  "name": "@merlin-chatou/color-scheme",
  "version": "1.0.1",
  "lockfileVersion": 3,
  "requires": true,
  "packages": {
    "": {
      "name": "@merlin-chatou/color-scheme",
      "version": "1.0.1",
      "license": "MIT",
      "dependencies": {
        "@merlin-chatou/system-color-scheme": "^1.0.2"
      }
    },
    "node_modules/@merlin-chatou/system-color-scheme": {
      "version": "1.0.2",
      "resolved": "https://registry.npmjs.org/@merlin-chatou/system-color-scheme/-/system-color-scheme-1.0.2.tgz",
      "integrity": "sha512-ouSD7Yij2aCt/ttDsm6igwCXOkaE0t/FN2qClRHvGePg0O0NGl+spp9VTOJcAEd78A/MWap2vaRUb+1I3rPgPw==",
      "license": "MIT"
    }
  }
}
